
Microsoft Visual Studio Solution File, Format Version 11.00
# Visual Studio 2010
Project("{159641D6-6404-4A2A-AE62-294DE0FE8301}") = "SSISDemo", "SSISDemo\SSISDemo.dtproj", "{BE4AA0FA-0E56-4933-AF70-9800C79535F2}"
EndProject
Global
	GlobalSection(SolutionConfigurationPlatforms) = preSolution
		Development|Default = Development|Default
	EndGlobalSection
	GlobalSection(ProjectConfigurationPlatforms) = postSolution
		{BE4AA0FA-0E56-4933-AF70-9800C79535F2}.Development|Default.ActiveCfg = Development
		{BE4AA0FA-0E56-4933-AF70-9800C79535F2}.Development|Default.Build.0 = Development
	EndGlobalSection
	GlobalSection(SolutionProperties) = preSolution
		HideSolutionNode = FALSE
	EndGlobalSection
EndGlobal
