
Microsoft Visual Studio Solution File, Format Version 12.00
# Visual Studio 14
VisualStudioVersion = 14.0.23107.0
MinimumVisualStudioVersion = 10.0.40219.1
Project("{2150E333-8FDC-42A3-9474-1A3956D46DE8}") = "AppFramework", "AppFramework", "{A2903D70-BDDA-4B32-9530-9FA3D2EF7153}"
	ProjectSection(SolutionItems) = preProject
		Key.snk = Key.snk
	EndProjectSection
EndProject
Project("{2150E333-8FDC-42A3-9474-1A3956D46DE8}") = "Tests", "Tests", "{692E0BCA-CA69-4C8B-A379-756CAE1F9DFB}"
EndProject
Project("{FAE04EC0-301F-11D3-BF4B-00C04F79EFBC}") = "AssetSite", "AssetSite\AssetSite.csproj", "{2C3A8BFF-55D4-4AFA-8273-B95A9344459C}"
EndProject
Project("{FAE04EC0-301F-11D3-BF4B-00C04F79EFBC}") = "AppFramework.Core", "AppFramework.Core\AppFramework.Core.csproj", "{890BDD21-2741-4028-9D20-9102D51AD64D}"
EndProject
Project("{FAE04EC0-301F-11D3-BF4B-00C04F79EFBC}") = "AssetManagementBatch", "AssetManagementBatch\AssetManagementBatch.csproj", "{289E4353-968B-4080-A1E9-2CD0FD0C8BEB}"
EndProject
Project("{FAE04EC0-301F-11D3-BF4B-00C04F79EFBC}") = "AppFramework.DataProxy", "AppFramework.DataProxy\AppFramework.DataProxy.csproj", "{3B3DFA46-D697-40D8-81DE-90ECA111A546}"
EndProject
Project("{FAE04EC0-301F-11D3-BF4B-00C04F79EFBC}") = "AppFramework.DataLayer", "AppFramework.DataLayer\AppFramework.DataLayer.csproj", "{114D7048-21A0-4481-BA33-BBB7014E5B03}"
EndProject
Project("{FAE04EC0-301F-11D3-BF4B-00C04F79EFBC}") = "AppFramework.Entities", "AppFramework.Entities\AppFramework.Entities.csproj", "{658431C7-7442-46F1-81C8-7CC6744F7E46}"
EndProject
Project("{FAE04EC0-301F-11D3-BF4B-00C04F79EFBC}") = "AppFramework.Core.UnitTests", "AppFramework.Core.UnitTests\AppFramework.Core.UnitTests.csproj", "{FCC5CFBC-B1C4-4CC9-9A53-1106EC038F0D}"
EndProject
Project("{FAE04EC0-301F-11D3-BF4B-00C04F79EFBC}") = "AppFramework.Web.UnitTests", "AssetSite.UnitTests\AppFramework.Web.UnitTests.csproj", "{815BB6F3-A335-463D-AB85-CF213D25296A}"
EndProject
Project("{FAE04EC0-301F-11D3-BF4B-00C04F79EFBC}") = "CalculationTests", "CalculationTests\CalculationTests.csproj", "{89B7D244-94E8-470C-948C-3F9BD0F304C0}"
EndProject
Project("{FAE04EC0-301F-11D3-BF4B-00C04F79EFBC}") = "AssetManagerAdmin", "AssetManagerAdmin\AssetManagerAdmin.csproj", "{394F3C15-D8AE-4535-A5D1-B48D87CD3006}"
EndProject
Project("{FAE04EC0-301F-11D3-BF4B-00C04F79EFBC}") = "AppFramework.Reports", "AppFramework.Reports\AppFramework.Reports.csproj", "{41E0C02C-E115-4781-B686-B779A2B4EB6E}"
EndProject
Project("{FAE04EC0-301F-11D3-BF4B-00C04F79EFBC}") = "AssetManager.Infrastructure", "AssetManager.Infrastructure\AssetManager.Infrastructure.csproj", "{87D76790-81CC-45BB-9F7E-B3CDEA2564C0}"
EndProject
Project("{2150E333-8FDC-42A3-9474-1A3956D46DE8}") = "Web", "Web", "{5DEA754E-B57B-467D-B403-D63912FEFE28}"
EndProject
Project("{2150E333-8FDC-42A3-9474-1A3956D46DE8}") = "Apps", "Apps", "{44BCBA2A-B18D-46CE-9D69-408456ADECD2}"
EndProject
Project("{FAE04EC0-301F-11D3-BF4B-00C04F79EFBC}") = "AppFramework.UnitTests.Common", "AppFramework.UnitTests.Common\AppFramework.UnitTests.Common.csproj", "{F9A326ED-D245-44E4-AAED-0629C0616BF9}"
EndProject
Project("{FAE04EC0-301F-11D3-BF4B-00C04F79EFBC}") = "AssetManager.WebApi", "AssetManager.WebApi\AssetManager.WebApi.csproj", "{C66D9935-4B4D-476B-9118-E0D28AC23714}"
EndProject
Project("{FAE04EC0-301F-11D3-BF4B-00C04F79EFBC}") = "AssetManager.Auth", "AssetManager.Auth\AssetManager.Auth.csproj", "{CED40BF2-B88C-465F-AFA2-B5CC762F4C7D}"
EndProject
Project("{FAE04EC0-301F-11D3-BF4B-00C04F79EFBC}") = "AppFramework.Auth", "AppFramework.Auth\AppFramework.Auth.csproj", "{0ACBD967-18BF-49F9-B342-FF5F69FB7F87}"
EndProject
Project("{FAE04EC0-301F-11D3-BF4B-00C04F79EFBC}") = "AppFramework.Email", "AppFramework.Email\AppFramework.Email.csproj", "{F37064E9-580C-48A0-835E-280F6B0CF87C}"
EndProject
Global
	GlobalSection(SolutionConfigurationPlatforms) = preSolution
		Debug|Any CPU = Debug|Any CPU
		Debug|x64 = Debug|x64
		Debug|x86 = Debug|x86
		Release|Any CPU = Release|Any CPU
		Release|x64 = Release|x64
		Release|x86 = Release|x86
		Staging-AssetManager|Any CPU = Staging-AssetManager|Any CPU
		Staging-AssetManager|x64 = Staging-AssetManager|x64
		Staging-AssetManager|x86 = Staging-AssetManager|x86
		Staging-SOBBUB|Any CPU = Staging-SOBBUB|Any CPU
		Staging-SOBBUB|x64 = Staging-SOBBUB|x64
		Staging-SOBBUB|x86 = Staging-SOBBUB|x86
	EndGlobalSection
	GlobalSection(ProjectConfigurationPlatforms) = postSolution
		{2C3A8BFF-55D4-4AFA-8273-B95A9344459C}.Debug|Any CPU.ActiveCfg = Debug|Any CPU
		{2C3A8BFF-55D4-4AFA-8273-B95A9344459C}.Debug|Any CPU.Build.0 = Debug|Any CPU
		{2C3A8BFF-55D4-4AFA-8273-B95A9344459C}.Debug|x64.ActiveCfg = Debug|x64
		{2C3A8BFF-55D4-4AFA-8273-B95A9344459C}.Debug|x64.Build.0 = Debug|x64
		{2C3A8BFF-55D4-4AFA-8273-B95A9344459C}.Debug|x86.ActiveCfg = Debug|Any CPU
		{2C3A8BFF-55D4-4AFA-8273-B95A9344459C}.Debug|x86.Build.0 = Debug|Any CPU
		{2C3A8BFF-55D4-4AFA-8273-B95A9344459C}.Release|Any CPU.ActiveCfg = Release|Any CPU
		{2C3A8BFF-55D4-4AFA-8273-B95A9344459C}.Release|Any CPU.Build.0 = Release|Any CPU
		{2C3A8BFF-55D4-4AFA-8273-B95A9344459C}.Release|x64.ActiveCfg = Release|x64
		{2C3A8BFF-55D4-4AFA-8273-B95A9344459C}.Release|x64.Build.0 = Release|x64
		{2C3A8BFF-55D4-4AFA-8273-B95A9344459C}.Release|x86.ActiveCfg = Release|Any CPU
		{2C3A8BFF-55D4-4AFA-8273-B95A9344459C}.Staging-AssetManager|Any CPU.ActiveCfg = Staging-AssetManager|Any CPU
		{2C3A8BFF-55D4-4AFA-8273-B95A9344459C}.Staging-AssetManager|Any CPU.Build.0 = Staging-AssetManager|Any CPU
		{2C3A8BFF-55D4-4AFA-8273-B95A9344459C}.Staging-AssetManager|x64.ActiveCfg = Staging-AssetManager|Any CPU
		{2C3A8BFF-55D4-4AFA-8273-B95A9344459C}.Staging-AssetManager|x64.Build.0 = Staging-AssetManager|Any CPU
		{2C3A8BFF-55D4-4AFA-8273-B95A9344459C}.Staging-AssetManager|x86.ActiveCfg = Staging-AssetManager|Any CPU
		{2C3A8BFF-55D4-4AFA-8273-B95A9344459C}.Staging-AssetManager|x86.Build.0 = Staging-AssetManager|Any CPU
		{2C3A8BFF-55D4-4AFA-8273-B95A9344459C}.Staging-SOBBUB|Any CPU.ActiveCfg = Staging-SOBBUB|Any CPU
		{2C3A8BFF-55D4-4AFA-8273-B95A9344459C}.Staging-SOBBUB|Any CPU.Build.0 = Staging-SOBBUB|Any CPU
		{2C3A8BFF-55D4-4AFA-8273-B95A9344459C}.Staging-SOBBUB|x64.ActiveCfg = Staging-SOBBUB|x64
		{2C3A8BFF-55D4-4AFA-8273-B95A9344459C}.Staging-SOBBUB|x64.Build.0 = Staging-SOBBUB|x64
		{2C3A8BFF-55D4-4AFA-8273-B95A9344459C}.Staging-SOBBUB|x86.ActiveCfg = Staging-SOBBUB|Any CPU
		{890BDD21-2741-4028-9D20-9102D51AD64D}.Debug|Any CPU.ActiveCfg = Debug|Any CPU
		{890BDD21-2741-4028-9D20-9102D51AD64D}.Debug|Any CPU.Build.0 = Debug|Any CPU
		{890BDD21-2741-4028-9D20-9102D51AD64D}.Debug|x64.ActiveCfg = Debug|Any CPU
		{890BDD21-2741-4028-9D20-9102D51AD64D}.Debug|x86.ActiveCfg = Debug|Any CPU
		{890BDD21-2741-4028-9D20-9102D51AD64D}.Debug|x86.Build.0 = Debug|Any CPU
		{890BDD21-2741-4028-9D20-9102D51AD64D}.Release|Any CPU.ActiveCfg = Release|Any CPU
		{890BDD21-2741-4028-9D20-9102D51AD64D}.Release|Any CPU.Build.0 = Release|Any CPU
		{890BDD21-2741-4028-9D20-9102D51AD64D}.Release|x64.ActiveCfg = Release|Any CPU
		{890BDD21-2741-4028-9D20-9102D51AD64D}.Release|x64.Build.0 = Release|Any CPU
		{890BDD21-2741-4028-9D20-9102D51AD64D}.Release|x86.ActiveCfg = Release|Any CPU
		{890BDD21-2741-4028-9D20-9102D51AD64D}.Staging-AssetManager|Any CPU.ActiveCfg = Staging-AssetManager|Any CPU
		{890BDD21-2741-4028-9D20-9102D51AD64D}.Staging-AssetManager|Any CPU.Build.0 = Staging-AssetManager|Any CPU
		{890BDD21-2741-4028-9D20-9102D51AD64D}.Staging-AssetManager|x64.ActiveCfg = Staging-AssetManager|Any CPU
		{890BDD21-2741-4028-9D20-9102D51AD64D}.Staging-AssetManager|x64.Build.0 = Staging-AssetManager|Any CPU
		{890BDD21-2741-4028-9D20-9102D51AD64D}.Staging-AssetManager|x86.ActiveCfg = Staging-AssetManager|Any CPU
		{890BDD21-2741-4028-9D20-9102D51AD64D}.Staging-AssetManager|x86.Build.0 = Staging-AssetManager|Any CPU
		{890BDD21-2741-4028-9D20-9102D51AD64D}.Staging-SOBBUB|Any CPU.ActiveCfg = Staging-SOBBUB|Any CPU
		{890BDD21-2741-4028-9D20-9102D51AD64D}.Staging-SOBBUB|Any CPU.Build.0 = Staging-SOBBUB|Any CPU
		{890BDD21-2741-4028-9D20-9102D51AD64D}.Staging-SOBBUB|x64.ActiveCfg = Staging-SOBBUB|Any CPU
		{890BDD21-2741-4028-9D20-9102D51AD64D}.Staging-SOBBUB|x86.ActiveCfg = Staging-SOBBUB|Any CPU
		{289E4353-968B-4080-A1E9-2CD0FD0C8BEB}.Debug|Any CPU.ActiveCfg = Debug|Any CPU
		{289E4353-968B-4080-A1E9-2CD0FD0C8BEB}.Debug|Any CPU.Build.0 = Debug|Any CPU
		{289E4353-968B-4080-A1E9-2CD0FD0C8BEB}.Debug|x64.ActiveCfg = Debug|Any CPU
		{289E4353-968B-4080-A1E9-2CD0FD0C8BEB}.Debug|x86.ActiveCfg = Debug|Any CPU
		{289E4353-968B-4080-A1E9-2CD0FD0C8BEB}.Debug|x86.Build.0 = Debug|Any CPU
		{289E4353-968B-4080-A1E9-2CD0FD0C8BEB}.Release|Any CPU.ActiveCfg = Release|Any CPU
		{289E4353-968B-4080-A1E9-2CD0FD0C8BEB}.Release|Any CPU.Build.0 = Release|Any CPU
		{289E4353-968B-4080-A1E9-2CD0FD0C8BEB}.Release|x64.ActiveCfg = Release|Any CPU
		{289E4353-968B-4080-A1E9-2CD0FD0C8BEB}.Release|x86.ActiveCfg = Release|Any CPU
		{289E4353-968B-4080-A1E9-2CD0FD0C8BEB}.Staging-AssetManager|Any CPU.ActiveCfg = Staging-AssetManager|Any CPU
		{289E4353-968B-4080-A1E9-2CD0FD0C8BEB}.Staging-AssetManager|Any CPU.Build.0 = Staging-AssetManager|Any CPU
		{289E4353-968B-4080-A1E9-2CD0FD0C8BEB}.Staging-AssetManager|x64.ActiveCfg = Staging-AssetManager|Any CPU
		{289E4353-968B-4080-A1E9-2CD0FD0C8BEB}.Staging-AssetManager|x86.ActiveCfg = Staging-AssetManager|Any CPU
		{289E4353-968B-4080-A1E9-2CD0FD0C8BEB}.Staging-AssetManager|x86.Build.0 = Staging-AssetManager|Any CPU
		{289E4353-968B-4080-A1E9-2CD0FD0C8BEB}.Staging-SOBBUB|Any CPU.ActiveCfg = Staging-AssetManager|Any CPU
		{289E4353-968B-4080-A1E9-2CD0FD0C8BEB}.Staging-SOBBUB|Any CPU.Build.0 = Staging-AssetManager|Any CPU
		{289E4353-968B-4080-A1E9-2CD0FD0C8BEB}.Staging-SOBBUB|x64.ActiveCfg = Staging-AssetManager|Any CPU
		{289E4353-968B-4080-A1E9-2CD0FD0C8BEB}.Staging-SOBBUB|x86.ActiveCfg = Staging-AssetManager|Any CPU
		{3B3DFA46-D697-40D8-81DE-90ECA111A546}.Debug|Any CPU.ActiveCfg = Debug|Any CPU
		{3B3DFA46-D697-40D8-81DE-90ECA111A546}.Debug|Any CPU.Build.0 = Debug|Any CPU
		{3B3DFA46-D697-40D8-81DE-90ECA111A546}.Debug|x64.ActiveCfg = Debug|Any CPU
		{3B3DFA46-D697-40D8-81DE-90ECA111A546}.Debug|x86.ActiveCfg = Debug|Any CPU
		{3B3DFA46-D697-40D8-81DE-90ECA111A546}.Debug|x86.Build.0 = Debug|Any CPU
		{3B3DFA46-D697-40D8-81DE-90ECA111A546}.Release|Any CPU.ActiveCfg = Release|Any CPU
		{3B3DFA46-D697-40D8-81DE-90ECA111A546}.Release|Any CPU.Build.0 = Release|Any CPU
		{3B3DFA46-D697-40D8-81DE-90ECA111A546}.Release|x64.ActiveCfg = Release|Any CPU
		{3B3DFA46-D697-40D8-81DE-90ECA111A546}.Release|x64.Build.0 = Release|Any CPU
		{3B3DFA46-D697-40D8-81DE-90ECA111A546}.Release|x86.ActiveCfg = Release|Any CPU
		{3B3DFA46-D697-40D8-81DE-90ECA111A546}.Staging-AssetManager|Any CPU.ActiveCfg = Staging-AssetManager|Any CPU
		{3B3DFA46-D697-40D8-81DE-90ECA111A546}.Staging-AssetManager|Any CPU.Build.0 = Staging-AssetManager|Any CPU
		{3B3DFA46-D697-40D8-81DE-90ECA111A546}.Staging-AssetManager|x64.ActiveCfg = Staging-AssetManager|Any CPU
		{3B3DFA46-D697-40D8-81DE-90ECA111A546}.Staging-AssetManager|x64.Build.0 = Staging-AssetManager|Any CPU
		{3B3DFA46-D697-40D8-81DE-90ECA111A546}.Staging-AssetManager|x86.ActiveCfg = Staging-AssetManager|Any CPU
		{3B3DFA46-D697-40D8-81DE-90ECA111A546}.Staging-AssetManager|x86.Build.0 = Staging-AssetManager|Any CPU
		{3B3DFA46-D697-40D8-81DE-90ECA111A546}.Staging-SOBBUB|Any CPU.ActiveCfg = Staging-SOBBUB|Any CPU
		{3B3DFA46-D697-40D8-81DE-90ECA111A546}.Staging-SOBBUB|Any CPU.Build.0 = Staging-SOBBUB|Any CPU
		{3B3DFA46-D697-40D8-81DE-90ECA111A546}.Staging-SOBBUB|x64.ActiveCfg = Staging-SOBBUB|Any CPU
		{3B3DFA46-D697-40D8-81DE-90ECA111A546}.Staging-SOBBUB|x86.ActiveCfg = Staging-SOBBUB|Any CPU
		{114D7048-21A0-4481-BA33-BBB7014E5B03}.Debug|Any CPU.ActiveCfg = Debug|Any CPU
		{114D7048-21A0-4481-BA33-BBB7014E5B03}.Debug|Any CPU.Build.0 = Debug|Any CPU
		{114D7048-21A0-4481-BA33-BBB7014E5B03}.Debug|x64.ActiveCfg = Debug|Any CPU
		{114D7048-21A0-4481-BA33-BBB7014E5B03}.Debug|x86.ActiveCfg = Debug|Any CPU
		{114D7048-21A0-4481-BA33-BBB7014E5B03}.Debug|x86.Build.0 = Debug|Any CPU
		{114D7048-21A0-4481-BA33-BBB7014E5B03}.Release|Any CPU.ActiveCfg = Release|Any CPU
		{114D7048-21A0-4481-BA33-BBB7014E5B03}.Release|Any CPU.Build.0 = Release|Any CPU
		{114D7048-21A0-4481-BA33-BBB7014E5B03}.Release|x64.ActiveCfg = Release|Any CPU
		{114D7048-21A0-4481-BA33-BBB7014E5B03}.Release|x64.Build.0 = Release|Any CPU
		{114D7048-21A0-4481-BA33-BBB7014E5B03}.Release|x86.ActiveCfg = Release|Any CPU
		{114D7048-21A0-4481-BA33-BBB7014E5B03}.Staging-AssetManager|Any CPU.ActiveCfg = Staging-AssetManager|Any CPU
		{114D7048-21A0-4481-BA33-BBB7014E5B03}.Staging-AssetManager|Any CPU.Build.0 = Staging-AssetManager|Any CPU
		{114D7048-21A0-4481-BA33-BBB7014E5B03}.Staging-AssetManager|x64.ActiveCfg = Staging-AssetManager|Any CPU
		{114D7048-21A0-4481-BA33-BBB7014E5B03}.Staging-AssetManager|x64.Build.0 = Staging-AssetManager|Any CPU
		{114D7048-21A0-4481-BA33-BBB7014E5B03}.Staging-AssetManager|x86.ActiveCfg = Staging-AssetManager|Any CPU
		{114D7048-21A0-4481-BA33-BBB7014E5B03}.Staging-AssetManager|x86.Build.0 = Staging-AssetManager|Any CPU
		{114D7048-21A0-4481-BA33-BBB7014E5B03}.Staging-SOBBUB|Any CPU.ActiveCfg = Staging-SOBBUB|Any CPU
		{114D7048-21A0-4481-BA33-BBB7014E5B03}.Staging-SOBBUB|Any CPU.Build.0 = Staging-SOBBUB|Any CPU
		{114D7048-21A0-4481-BA33-BBB7014E5B03}.Staging-SOBBUB|x64.ActiveCfg = Staging-SOBBUB|Any CPU
		{114D7048-21A0-4481-BA33-BBB7014E5B03}.Staging-SOBBUB|x86.ActiveCfg = Staging-SOBBUB|Any CPU
		{658431C7-7442-46F1-81C8-7CC6744F7E46}.Debug|Any CPU.ActiveCfg = Debug|Any CPU
		{658431C7-7442-46F1-81C8-7CC6744F7E46}.Debug|Any CPU.Build.0 = Debug|Any CPU
		{658431C7-7442-46F1-81C8-7CC6744F7E46}.Debug|x64.ActiveCfg = Debug|Any CPU
		{658431C7-7442-46F1-81C8-7CC6744F7E46}.Debug|x86.ActiveCfg = Debug|Any CPU
		{658431C7-7442-46F1-81C8-7CC6744F7E46}.Debug|x86.Build.0 = Debug|Any CPU
		{658431C7-7442-46F1-81C8-7CC6744F7E46}.Release|Any CPU.ActiveCfg = Release|Any CPU
		{658431C7-7442-46F1-81C8-7CC6744F7E46}.Release|Any CPU.Build.0 = Release|Any CPU
		{658431C7-7442-46F1-81C8-7CC6744F7E46}.Release|x64.ActiveCfg = Release|Any CPU
		{658431C7-7442-46F1-81C8-7CC6744F7E46}.Release|x64.Build.0 = Release|Any CPU
		{658431C7-7442-46F1-81C8-7CC6744F7E46}.Release|x86.ActiveCfg = Release|Any CPU
		{658431C7-7442-46F1-81C8-7CC6744F7E46}.Staging-AssetManager|Any CPU.ActiveCfg = Staging-AssetManager|Any CPU
		{658431C7-7442-46F1-81C8-7CC6744F7E46}.Staging-AssetManager|Any CPU.Build.0 = Staging-AssetManager|Any CPU
		{658431C7-7442-46F1-81C8-7CC6744F7E46}.Staging-AssetManager|x64.ActiveCfg = Staging-AssetManager|Any CPU
		{658431C7-7442-46F1-81C8-7CC6744F7E46}.Staging-AssetManager|x64.Build.0 = Staging-AssetManager|Any CPU
		{658431C7-7442-46F1-81C8-7CC6744F7E46}.Staging-AssetManager|x86.ActiveCfg = Staging-AssetManager|Any CPU
		{658431C7-7442-46F1-81C8-7CC6744F7E46}.Staging-AssetManager|x86.Build.0 = Staging-AssetManager|Any CPU
		{658431C7-7442-46F1-81C8-7CC6744F7E46}.Staging-SOBBUB|Any CPU.ActiveCfg = Staging-SOBBUB|Any CPU
		{658431C7-7442-46F1-81C8-7CC6744F7E46}.Staging-SOBBUB|Any CPU.Build.0 = Staging-SOBBUB|Any CPU
		{658431C7-7442-46F1-81C8-7CC6744F7E46}.Staging-SOBBUB|x64.ActiveCfg = Staging-SOBBUB|Any CPU
		{658431C7-7442-46F1-81C8-7CC6744F7E46}.Staging-SOBBUB|x86.ActiveCfg = Staging-SOBBUB|Any CPU
		{FCC5CFBC-B1C4-4CC9-9A53-1106EC038F0D}.Debug|Any CPU.ActiveCfg = Debug|Any CPU
		{FCC5CFBC-B1C4-4CC9-9A53-1106EC038F0D}.Debug|Any CPU.Build.0 = Debug|Any CPU
		{FCC5CFBC-B1C4-4CC9-9A53-1106EC038F0D}.Debug|x64.ActiveCfg = Debug|Any CPU
		{FCC5CFBC-B1C4-4CC9-9A53-1106EC038F0D}.Debug|x86.ActiveCfg = Debug|Any CPU
		{FCC5CFBC-B1C4-4CC9-9A53-1106EC038F0D}.Debug|x86.Build.0 = Debug|Any CPU
		{FCC5CFBC-B1C4-4CC9-9A53-1106EC038F0D}.Release|Any CPU.ActiveCfg = Release|Any CPU
		{FCC5CFBC-B1C4-4CC9-9A53-1106EC038F0D}.Release|Any CPU.Build.0 = Release|Any CPU
		{FCC5CFBC-B1C4-4CC9-9A53-1106EC038F0D}.Release|x64.ActiveCfg = Release|Any CPU
		{FCC5CFBC-B1C4-4CC9-9A53-1106EC038F0D}.Release|x64.Build.0 = Release|Any CPU
		{FCC5CFBC-B1C4-4CC9-9A53-1106EC038F0D}.Release|x86.ActiveCfg = Release|Any CPU
		{FCC5CFBC-B1C4-4CC9-9A53-1106EC038F0D}.Staging-AssetManager|Any CPU.ActiveCfg = Release|Any CPU
		{FCC5CFBC-B1C4-4CC9-9A53-1106EC038F0D}.Staging-AssetManager|x64.ActiveCfg = Release|Any CPU
		{FCC5CFBC-B1C4-4CC9-9A53-1106EC038F0D}.Staging-AssetManager|x86.ActiveCfg = Release|Any CPU
		{FCC5CFBC-B1C4-4CC9-9A53-1106EC038F0D}.Staging-AssetManager|x86.Build.0 = Release|Any CPU
		{FCC5CFBC-B1C4-4CC9-9A53-1106EC038F0D}.Staging-SOBBUB|Any CPU.ActiveCfg = Release|Any CPU
		{FCC5CFBC-B1C4-4CC9-9A53-1106EC038F0D}.Staging-SOBBUB|Any CPU.Build.0 = Release|Any CPU
		{FCC5CFBC-B1C4-4CC9-9A53-1106EC038F0D}.Staging-SOBBUB|x64.ActiveCfg = Release|Any CPU
		{FCC5CFBC-B1C4-4CC9-9A53-1106EC038F0D}.Staging-SOBBUB|x86.ActiveCfg = Release|Any CPU
		{815BB6F3-A335-463D-AB85-CF213D25296A}.Debug|Any CPU.ActiveCfg = Debug|Any CPU
		{815BB6F3-A335-463D-AB85-CF213D25296A}.Debug|Any CPU.Build.0 = Debug|Any CPU
		{815BB6F3-A335-463D-AB85-CF213D25296A}.Debug|x64.ActiveCfg = Debug|Any CPU
		{815BB6F3-A335-463D-AB85-CF213D25296A}.Debug|x86.ActiveCfg = Debug|Any CPU
		{815BB6F3-A335-463D-AB85-CF213D25296A}.Debug|x86.Build.0 = Debug|Any CPU
		{815BB6F3-A335-463D-AB85-CF213D25296A}.Release|Any CPU.ActiveCfg = Release|Any CPU
		{815BB6F3-A335-463D-AB85-CF213D25296A}.Release|Any CPU.Build.0 = Release|Any CPU
		{815BB6F3-A335-463D-AB85-CF213D25296A}.Release|x64.ActiveCfg = Release|Any CPU
		{815BB6F3-A335-463D-AB85-CF213D25296A}.Release|x64.Build.0 = Release|Any CPU
		{815BB6F3-A335-463D-AB85-CF213D25296A}.Release|x86.ActiveCfg = Release|Any CPU
		{815BB6F3-A335-463D-AB85-CF213D25296A}.Staging-AssetManager|Any CPU.ActiveCfg = Release|Any CPU
		{815BB6F3-A335-463D-AB85-CF213D25296A}.Staging-AssetManager|x64.ActiveCfg = Release|Any CPU
		{815BB6F3-A335-463D-AB85-CF213D25296A}.Staging-AssetManager|x86.ActiveCfg = Release|Any CPU
		{815BB6F3-A335-463D-AB85-CF213D25296A}.Staging-AssetManager|x86.Build.0 = Release|Any CPU
		{815BB6F3-A335-463D-AB85-CF213D25296A}.Staging-SOBBUB|Any CPU.ActiveCfg = Release|Any CPU
		{815BB6F3-A335-463D-AB85-CF213D25296A}.Staging-SOBBUB|Any CPU.Build.0 = Release|Any CPU
		{815BB6F3-A335-463D-AB85-CF213D25296A}.Staging-SOBBUB|x64.ActiveCfg = Release|Any CPU
		{815BB6F3-A335-463D-AB85-CF213D25296A}.Staging-SOBBUB|x86.ActiveCfg = Release|Any CPU
		{89B7D244-94E8-470C-948C-3F9BD0F304C0}.Debug|Any CPU.ActiveCfg = Debug|Any CPU
		{89B7D244-94E8-470C-948C-3F9BD0F304C0}.Debug|Any CPU.Build.0 = Debug|Any CPU
		{89B7D244-94E8-470C-948C-3F9BD0F304C0}.Debug|x64.ActiveCfg = Debug|Any CPU
		{89B7D244-94E8-470C-948C-3F9BD0F304C0}.Debug|x86.ActiveCfg = Debug|Any CPU
		{89B7D244-94E8-470C-948C-3F9BD0F304C0}.Release|Any CPU.ActiveCfg = Release|Any CPU
		{89B7D244-94E8-470C-948C-3F9BD0F304C0}.Release|Any CPU.Build.0 = Release|Any CPU
		{89B7D244-94E8-470C-948C-3F9BD0F304C0}.Release|x64.ActiveCfg = Release|Any CPU
		{89B7D244-94E8-470C-948C-3F9BD0F304C0}.Release|x86.ActiveCfg = Release|Any CPU
		{89B7D244-94E8-470C-948C-3F9BD0F304C0}.Staging-AssetManager|Any CPU.ActiveCfg = Release|Any CPU
		{89B7D244-94E8-470C-948C-3F9BD0F304C0}.Staging-AssetManager|Any CPU.Build.0 = Release|Any CPU
		{89B7D244-94E8-470C-948C-3F9BD0F304C0}.Staging-AssetManager|x64.ActiveCfg = Release|Any CPU
		{89B7D244-94E8-470C-948C-3F9BD0F304C0}.Staging-AssetManager|x86.ActiveCfg = Release|Any CPU
		{89B7D244-94E8-470C-948C-3F9BD0F304C0}.Staging-SOBBUB|Any CPU.ActiveCfg = Release|Any CPU
		{89B7D244-94E8-470C-948C-3F9BD0F304C0}.Staging-SOBBUB|Any CPU.Build.0 = Release|Any CPU
		{89B7D244-94E8-470C-948C-3F9BD0F304C0}.Staging-SOBBUB|x64.ActiveCfg = Release|Any CPU
		{89B7D244-94E8-470C-948C-3F9BD0F304C0}.Staging-SOBBUB|x86.ActiveCfg = Release|Any CPU
		{394F3C15-D8AE-4535-A5D1-B48D87CD3006}.Debug|Any CPU.ActiveCfg = Debug|Any CPU
		{394F3C15-D8AE-4535-A5D1-B48D87CD3006}.Debug|Any CPU.Build.0 = Debug|Any CPU
		{394F3C15-D8AE-4535-A5D1-B48D87CD3006}.Debug|x64.ActiveCfg = Debug|Any CPU
		{394F3C15-D8AE-4535-A5D1-B48D87CD3006}.Debug|x86.ActiveCfg = Debug|Any CPU
		{394F3C15-D8AE-4535-A5D1-B48D87CD3006}.Release|Any CPU.ActiveCfg = Release|Any CPU
		{394F3C15-D8AE-4535-A5D1-B48D87CD3006}.Release|Any CPU.Build.0 = Release|Any CPU
		{394F3C15-D8AE-4535-A5D1-B48D87CD3006}.Release|x64.ActiveCfg = Release|Any CPU
		{394F3C15-D8AE-4535-A5D1-B48D87CD3006}.Release|x86.ActiveCfg = Release|Any CPU
		{394F3C15-D8AE-4535-A5D1-B48D87CD3006}.Staging-AssetManager|Any CPU.ActiveCfg = Release|Any CPU
		{394F3C15-D8AE-4535-A5D1-B48D87CD3006}.Staging-AssetManager|Any CPU.Build.0 = Release|Any CPU
		{394F3C15-D8AE-4535-A5D1-B48D87CD3006}.Staging-AssetManager|x64.ActiveCfg = Release|Any CPU
		{394F3C15-D8AE-4535-A5D1-B48D87CD3006}.Staging-AssetManager|x86.ActiveCfg = Release|Any CPU
		{394F3C15-D8AE-4535-A5D1-B48D87CD3006}.Staging-SOBBUB|Any CPU.ActiveCfg = Release|Any CPU
		{394F3C15-D8AE-4535-A5D1-B48D87CD3006}.Staging-SOBBUB|Any CPU.Build.0 = Release|Any CPU
		{394F3C15-D8AE-4535-A5D1-B48D87CD3006}.Staging-SOBBUB|x64.ActiveCfg = Release|Any CPU
		{394F3C15-D8AE-4535-A5D1-B48D87CD3006}.Staging-SOBBUB|x86.ActiveCfg = Release|Any CPU
		{41E0C02C-E115-4781-B686-B779A2B4EB6E}.Debug|Any CPU.ActiveCfg = Debug|Any CPU
		{41E0C02C-E115-4781-B686-B779A2B4EB6E}.Debug|Any CPU.Build.0 = Debug|Any CPU
		{41E0C02C-E115-4781-B686-B779A2B4EB6E}.Debug|x64.ActiveCfg = Debug|Any CPU
		{41E0C02C-E115-4781-B686-B779A2B4EB6E}.Debug|x86.ActiveCfg = Debug|Any CPU
		{41E0C02C-E115-4781-B686-B779A2B4EB6E}.Release|Any CPU.ActiveCfg = Release|Any CPU
		{41E0C02C-E115-4781-B686-B779A2B4EB6E}.Release|Any CPU.Build.0 = Release|Any CPU
		{41E0C02C-E115-4781-B686-B779A2B4EB6E}.Release|x64.ActiveCfg = Release|Any CPU
		{41E0C02C-E115-4781-B686-B779A2B4EB6E}.Release|x64.Build.0 = Release|Any CPU
		{41E0C02C-E115-4781-B686-B779A2B4EB6E}.Release|x86.ActiveCfg = Release|Any CPU
		{41E0C02C-E115-4781-B686-B779A2B4EB6E}.Staging-AssetManager|Any CPU.ActiveCfg = Release|Any CPU
		{41E0C02C-E115-4781-B686-B779A2B4EB6E}.Staging-AssetManager|Any CPU.Build.0 = Release|Any CPU
		{41E0C02C-E115-4781-B686-B779A2B4EB6E}.Staging-AssetManager|x64.ActiveCfg = Release|Any CPU
		{41E0C02C-E115-4781-B686-B779A2B4EB6E}.Staging-AssetManager|x64.Build.0 = Release|Any CPU
		{41E0C02C-E115-4781-B686-B779A2B4EB6E}.Staging-AssetManager|x86.ActiveCfg = Release|Any CPU
		{41E0C02C-E115-4781-B686-B779A2B4EB6E}.Staging-SOBBUB|Any CPU.ActiveCfg = Release|Any CPU
		{41E0C02C-E115-4781-B686-B779A2B4EB6E}.Staging-SOBBUB|Any CPU.Build.0 = Release|Any CPU
		{41E0C02C-E115-4781-B686-B779A2B4EB6E}.Staging-SOBBUB|x64.ActiveCfg = Release|Any CPU
		{41E0C02C-E115-4781-B686-B779A2B4EB6E}.Staging-SOBBUB|x86.ActiveCfg = Release|Any CPU
		{87D76790-81CC-45BB-9F7E-B3CDEA2564C0}.Debug|Any CPU.ActiveCfg = Debug|Any CPU
		{87D76790-81CC-45BB-9F7E-B3CDEA2564C0}.Debug|Any CPU.Build.0 = Debug|Any CPU
		{87D76790-81CC-45BB-9F7E-B3CDEA2564C0}.Debug|x64.ActiveCfg = Debug|Any CPU
		{87D76790-81CC-45BB-9F7E-B3CDEA2564C0}.Debug|x86.ActiveCfg = Debug|Any CPU
		{87D76790-81CC-45BB-9F7E-B3CDEA2564C0}.Release|Any CPU.ActiveCfg = Release|Any CPU
		{87D76790-81CC-45BB-9F7E-B3CDEA2564C0}.Release|Any CPU.Build.0 = Release|Any CPU
		{87D76790-81CC-45BB-9F7E-B3CDEA2564C0}.Release|x64.ActiveCfg = Release|Any CPU
		{87D76790-81CC-45BB-9F7E-B3CDEA2564C0}.Release|x64.Build.0 = Release|Any CPU
		{87D76790-81CC-45BB-9F7E-B3CDEA2564C0}.Release|x86.ActiveCfg = Release|Any CPU
		{87D76790-81CC-45BB-9F7E-B3CDEA2564C0}.Staging-AssetManager|Any CPU.ActiveCfg = Release|Any CPU
		{87D76790-81CC-45BB-9F7E-B3CDEA2564C0}.Staging-AssetManager|Any CPU.Build.0 = Release|Any CPU
		{87D76790-81CC-45BB-9F7E-B3CDEA2564C0}.Staging-AssetManager|x64.ActiveCfg = Release|Any CPU
		{87D76790-81CC-45BB-9F7E-B3CDEA2564C0}.Staging-AssetManager|x64.Build.0 = Release|Any CPU
		{87D76790-81CC-45BB-9F7E-B3CDEA2564C0}.Staging-AssetManager|x86.ActiveCfg = Release|Any CPU
		{87D76790-81CC-45BB-9F7E-B3CDEA2564C0}.Staging-SOBBUB|Any CPU.ActiveCfg = Release|Any CPU
		{87D76790-81CC-45BB-9F7E-B3CDEA2564C0}.Staging-SOBBUB|Any CPU.Build.0 = Release|Any CPU
		{87D76790-81CC-45BB-9F7E-B3CDEA2564C0}.Staging-SOBBUB|x64.ActiveCfg = Release|Any CPU
		{87D76790-81CC-45BB-9F7E-B3CDEA2564C0}.Staging-SOBBUB|x86.ActiveCfg = Release|Any CPU
		{F9A326ED-D245-44E4-AAED-0629C0616BF9}.Debug|Any CPU.ActiveCfg = Debug|Any CPU
		{F9A326ED-D245-44E4-AAED-0629C0616BF9}.Debug|Any CPU.Build.0 = Debug|Any CPU
		{F9A326ED-D245-44E4-AAED-0629C0616BF9}.Debug|x64.ActiveCfg = Debug|Any CPU
		{F9A326ED-D245-44E4-AAED-0629C0616BF9}.Debug|x86.ActiveCfg = Debug|Any CPU
		{F9A326ED-D245-44E4-AAED-0629C0616BF9}.Release|Any CPU.ActiveCfg = Release|Any CPU
		{F9A326ED-D245-44E4-AAED-0629C0616BF9}.Release|Any CPU.Build.0 = Release|Any CPU
		{F9A326ED-D245-44E4-AAED-0629C0616BF9}.Release|x64.ActiveCfg = Release|Any CPU
		{F9A326ED-D245-44E4-AAED-0629C0616BF9}.Release|x64.Build.0 = Release|Any CPU
		{F9A326ED-D245-44E4-AAED-0629C0616BF9}.Release|x86.ActiveCfg = Release|Any CPU
		{F9A326ED-D245-44E4-AAED-0629C0616BF9}.Staging-AssetManager|Any CPU.ActiveCfg = Release|Any CPU
		{F9A326ED-D245-44E4-AAED-0629C0616BF9}.Staging-AssetManager|x64.ActiveCfg = Release|Any CPU
		{F9A326ED-D245-44E4-AAED-0629C0616BF9}.Staging-AssetManager|x86.ActiveCfg = Release|Any CPU
		{F9A326ED-D245-44E4-AAED-0629C0616BF9}.Staging-SOBBUB|Any CPU.ActiveCfg = Release|Any CPU
		{F9A326ED-D245-44E4-AAED-0629C0616BF9}.Staging-SOBBUB|Any CPU.Build.0 = Release|Any CPU
		{F9A326ED-D245-44E4-AAED-0629C0616BF9}.Staging-SOBBUB|x64.ActiveCfg = Release|Any CPU
		{F9A326ED-D245-44E4-AAED-0629C0616BF9}.Staging-SOBBUB|x86.ActiveCfg = Release|Any CPU
		{C66D9935-4B4D-476B-9118-E0D28AC23714}.Debug|Any CPU.ActiveCfg = Debug|Any CPU
		{C66D9935-4B4D-476B-9118-E0D28AC23714}.Debug|Any CPU.Build.0 = Debug|Any CPU
		{C66D9935-4B4D-476B-9118-E0D28AC23714}.Debug|x64.ActiveCfg = Debug|Any CPU
		{C66D9935-4B4D-476B-9118-E0D28AC23714}.Debug|x86.ActiveCfg = Debug|Any CPU
		{C66D9935-4B4D-476B-9118-E0D28AC23714}.Release|Any CPU.ActiveCfg = Release|Any CPU
		{C66D9935-4B4D-476B-9118-E0D28AC23714}.Release|Any CPU.Build.0 = Release|Any CPU
		{C66D9935-4B4D-476B-9118-E0D28AC23714}.Release|x64.ActiveCfg = Release|Any CPU
		{C66D9935-4B4D-476B-9118-E0D28AC23714}.Release|x64.Build.0 = Release|Any CPU
		{C66D9935-4B4D-476B-9118-E0D28AC23714}.Release|x86.ActiveCfg = Release|Any CPU
		{C66D9935-4B4D-476B-9118-E0D28AC23714}.Staging-AssetManager|Any CPU.ActiveCfg = Release|Any CPU
		{C66D9935-4B4D-476B-9118-E0D28AC23714}.Staging-AssetManager|Any CPU.Build.0 = Release|Any CPU
		{C66D9935-4B4D-476B-9118-E0D28AC23714}.Staging-AssetManager|x64.ActiveCfg = Release|Any CPU
		{C66D9935-4B4D-476B-9118-E0D28AC23714}.Staging-AssetManager|x64.Build.0 = Release|Any CPU
		{C66D9935-4B4D-476B-9118-E0D28AC23714}.Staging-AssetManager|x86.ActiveCfg = Release|Any CPU
		{C66D9935-4B4D-476B-9118-E0D28AC23714}.Staging-SOBBUB|Any CPU.ActiveCfg = Release|Any CPU
		{C66D9935-4B4D-476B-9118-E0D28AC23714}.Staging-SOBBUB|Any CPU.Build.0 = Release|Any CPU
		{C66D9935-4B4D-476B-9118-E0D28AC23714}.Staging-SOBBUB|x64.ActiveCfg = Release|Any CPU
		{C66D9935-4B4D-476B-9118-E0D28AC23714}.Staging-SOBBUB|x86.ActiveCfg = Release|Any CPU
		{CED40BF2-B88C-465F-AFA2-B5CC762F4C7D}.Debug|Any CPU.ActiveCfg = Debug|Any CPU
		{CED40BF2-B88C-465F-AFA2-B5CC762F4C7D}.Debug|Any CPU.Build.0 = Debug|Any CPU
		{CED40BF2-B88C-465F-AFA2-B5CC762F4C7D}.Debug|x64.ActiveCfg = Debug|Any CPU
		{CED40BF2-B88C-465F-AFA2-B5CC762F4C7D}.Debug|x86.ActiveCfg = Debug|Any CPU
		{CED40BF2-B88C-465F-AFA2-B5CC762F4C7D}.Release|Any CPU.ActiveCfg = Release|Any CPU
		{CED40BF2-B88C-465F-AFA2-B5CC762F4C7D}.Release|Any CPU.Build.0 = Release|Any CPU
		{CED40BF2-B88C-465F-AFA2-B5CC762F4C7D}.Release|x64.ActiveCfg = Release|Any CPU
		{CED40BF2-B88C-465F-AFA2-B5CC762F4C7D}.Release|x86.ActiveCfg = Release|Any CPU
		{CED40BF2-B88C-465F-AFA2-B5CC762F4C7D}.Staging-AssetManager|Any CPU.ActiveCfg = Release|Any CPU
		{CED40BF2-B88C-465F-AFA2-B5CC762F4C7D}.Staging-AssetManager|Any CPU.Build.0 = Release|Any CPU
		{CED40BF2-B88C-465F-AFA2-B5CC762F4C7D}.Staging-AssetManager|x64.ActiveCfg = Release|Any CPU
		{CED40BF2-B88C-465F-AFA2-B5CC762F4C7D}.Staging-AssetManager|x86.ActiveCfg = Release|Any CPU
		{CED40BF2-B88C-465F-AFA2-B5CC762F4C7D}.Staging-SOBBUB|Any CPU.ActiveCfg = Release|Any CPU
		{CED40BF2-B88C-465F-AFA2-B5CC762F4C7D}.Staging-SOBBUB|Any CPU.Build.0 = Release|Any CPU
		{CED40BF2-B88C-465F-AFA2-B5CC762F4C7D}.Staging-SOBBUB|x64.ActiveCfg = Release|Any CPU
		{CED40BF2-B88C-465F-AFA2-B5CC762F4C7D}.Staging-SOBBUB|x86.ActiveCfg = Release|Any CPU
		{0ACBD967-18BF-49F9-B342-FF5F69FB7F87}.Debug|Any CPU.ActiveCfg = Debug|Any CPU
		{0ACBD967-18BF-49F9-B342-FF5F69FB7F87}.Debug|Any CPU.Build.0 = Debug|Any CPU
		{0ACBD967-18BF-49F9-B342-FF5F69FB7F87}.Debug|x64.ActiveCfg = Debug|Any CPU
		{0ACBD967-18BF-49F9-B342-FF5F69FB7F87}.Debug|x86.ActiveCfg = Debug|Any CPU
		{0ACBD967-18BF-49F9-B342-FF5F69FB7F87}.Release|Any CPU.ActiveCfg = Release|Any CPU
		{0ACBD967-18BF-49F9-B342-FF5F69FB7F87}.Release|Any CPU.Build.0 = Release|Any CPU
		{0ACBD967-18BF-49F9-B342-FF5F69FB7F87}.Release|x64.ActiveCfg = Release|Any CPU
		{0ACBD967-18BF-49F9-B342-FF5F69FB7F87}.Release|x86.ActiveCfg = Release|Any CPU
		{0ACBD967-18BF-49F9-B342-FF5F69FB7F87}.Staging-AssetManager|Any CPU.ActiveCfg = Release|Any CPU
		{0ACBD967-18BF-49F9-B342-FF5F69FB7F87}.Staging-AssetManager|Any CPU.Build.0 = Release|Any CPU
		{0ACBD967-18BF-49F9-B342-FF5F69FB7F87}.Staging-AssetManager|x64.ActiveCfg = Release|Any CPU
		{0ACBD967-18BF-49F9-B342-FF5F69FB7F87}.Staging-AssetManager|x86.ActiveCfg = Release|Any CPU
		{0ACBD967-18BF-49F9-B342-FF5F69FB7F87}.Staging-SOBBUB|Any CPU.ActiveCfg = Release|Any CPU
		{0ACBD967-18BF-49F9-B342-FF5F69FB7F87}.Staging-SOBBUB|Any CPU.Build.0 = Release|Any CPU
		{0ACBD967-18BF-49F9-B342-FF5F69FB7F87}.Staging-SOBBUB|x64.ActiveCfg = Release|Any CPU
		{0ACBD967-18BF-49F9-B342-FF5F69FB7F87}.Staging-SOBBUB|x86.ActiveCfg = Release|Any CPU
		{F37064E9-580C-48A0-835E-280F6B0CF87C}.Debug|Any CPU.ActiveCfg = Debug|Any CPU
		{F37064E9-580C-48A0-835E-280F6B0CF87C}.Debug|Any CPU.Build.0 = Debug|Any CPU
		{F37064E9-580C-48A0-835E-280F6B0CF87C}.Debug|x64.ActiveCfg = Debug|Any CPU
		{F37064E9-580C-48A0-835E-280F6B0CF87C}.Debug|x64.Build.0 = Debug|Any CPU
		{F37064E9-580C-48A0-835E-280F6B0CF87C}.Debug|x86.ActiveCfg = Debug|Any CPU
		{F37064E9-580C-48A0-835E-280F6B0CF87C}.Debug|x86.Build.0 = Debug|Any CPU
		{F37064E9-580C-48A0-835E-280F6B0CF87C}.Release|Any CPU.ActiveCfg = Release|Any CPU
		{F37064E9-580C-48A0-835E-280F6B0CF87C}.Release|Any CPU.Build.0 = Release|Any CPU
		{F37064E9-580C-48A0-835E-280F6B0CF87C}.Release|x64.ActiveCfg = Release|Any CPU
		{F37064E9-580C-48A0-835E-280F6B0CF87C}.Release|x64.Build.0 = Release|Any CPU
		{F37064E9-580C-48A0-835E-280F6B0CF87C}.Release|x86.ActiveCfg = Release|Any CPU
		{F37064E9-580C-48A0-835E-280F6B0CF87C}.Release|x86.Build.0 = Release|Any CPU
		{F37064E9-580C-48A0-835E-280F6B0CF87C}.Staging-AssetManager|Any CPU.ActiveCfg = Release|Any CPU
		{F37064E9-580C-48A0-835E-280F6B0CF87C}.Staging-AssetManager|Any CPU.Build.0 = Release|Any CPU
		{F37064E9-580C-48A0-835E-280F6B0CF87C}.Staging-AssetManager|x64.ActiveCfg = Release|Any CPU
		{F37064E9-580C-48A0-835E-280F6B0CF87C}.Staging-AssetManager|x64.Build.0 = Release|Any CPU
		{F37064E9-580C-48A0-835E-280F6B0CF87C}.Staging-AssetManager|x86.ActiveCfg = Release|Any CPU
		{F37064E9-580C-48A0-835E-280F6B0CF87C}.Staging-AssetManager|x86.Build.0 = Release|Any CPU
		{F37064E9-580C-48A0-835E-280F6B0CF87C}.Staging-SOBBUB|Any CPU.ActiveCfg = Release|Any CPU
		{F37064E9-580C-48A0-835E-280F6B0CF87C}.Staging-SOBBUB|Any CPU.Build.0 = Release|Any CPU
		{F37064E9-580C-48A0-835E-280F6B0CF87C}.Staging-SOBBUB|x64.ActiveCfg = Release|Any CPU
		{F37064E9-580C-48A0-835E-280F6B0CF87C}.Staging-SOBBUB|x64.Build.0 = Release|Any CPU
		{F37064E9-580C-48A0-835E-280F6B0CF87C}.Staging-SOBBUB|x86.ActiveCfg = Release|Any CPU
		{F37064E9-580C-48A0-835E-280F6B0CF87C}.Staging-SOBBUB|x86.Build.0 = Release|Any CPU
	EndGlobalSection
	GlobalSection(SolutionProperties) = preSolution
		HideSolutionNode = FALSE
	EndGlobalSection
	GlobalSection(NestedProjects) = preSolution
		{2C3A8BFF-55D4-4AFA-8273-B95A9344459C} = {5DEA754E-B57B-467D-B403-D63912FEFE28}
		{890BDD21-2741-4028-9D20-9102D51AD64D} = {A2903D70-BDDA-4B32-9530-9FA3D2EF7153}
		{289E4353-968B-4080-A1E9-2CD0FD0C8BEB} = {44BCBA2A-B18D-46CE-9D69-408456ADECD2}
		{3B3DFA46-D697-40D8-81DE-90ECA111A546} = {A2903D70-BDDA-4B32-9530-9FA3D2EF7153}
		{114D7048-21A0-4481-BA33-BBB7014E5B03} = {A2903D70-BDDA-4B32-9530-9FA3D2EF7153}
		{658431C7-7442-46F1-81C8-7CC6744F7E46} = {A2903D70-BDDA-4B32-9530-9FA3D2EF7153}
		{FCC5CFBC-B1C4-4CC9-9A53-1106EC038F0D} = {692E0BCA-CA69-4C8B-A379-756CAE1F9DFB}
		{815BB6F3-A335-463D-AB85-CF213D25296A} = {692E0BCA-CA69-4C8B-A379-756CAE1F9DFB}
		{89B7D244-94E8-470C-948C-3F9BD0F304C0} = {692E0BCA-CA69-4C8B-A379-756CAE1F9DFB}
		{394F3C15-D8AE-4535-A5D1-B48D87CD3006} = {44BCBA2A-B18D-46CE-9D69-408456ADECD2}
		{41E0C02C-E115-4781-B686-B779A2B4EB6E} = {A2903D70-BDDA-4B32-9530-9FA3D2EF7153}
		{87D76790-81CC-45BB-9F7E-B3CDEA2564C0} = {5DEA754E-B57B-467D-B403-D63912FEFE28}
		{F9A326ED-D245-44E4-AAED-0629C0616BF9} = {692E0BCA-CA69-4C8B-A379-756CAE1F9DFB}
		{C66D9935-4B4D-476B-9118-E0D28AC23714} = {5DEA754E-B57B-467D-B403-D63912FEFE28}
		{CED40BF2-B88C-465F-AFA2-B5CC762F4C7D} = {5DEA754E-B57B-467D-B403-D63912FEFE28}
		{0ACBD967-18BF-49F9-B342-FF5F69FB7F87} = {A2903D70-BDDA-4B32-9530-9FA3D2EF7153}
		{F37064E9-580C-48A0-835E-280F6B0CF87C} = {A2903D70-BDDA-4B32-9530-9FA3D2EF7153}
	EndGlobalSection
	GlobalSection(ExtensibilityGlobals) = postSolution
		EnterpriseLibraryConfigurationToolBinariesPath = packages\Unity.2.1.505.0\lib\NET35;packages\Unity.Interception.2.1.505.0\lib\NET35;packages\EnterpriseLibrary.Common.5.0.505.0\lib\NET35;packages\EnterpriseLibrary.Logging.5.0.505.1\lib\NET35;packages\EnterpriseLibrary.Caching.5.0.505.0\lib\NET35;packages\EnterpriseLibrary.Data.5.0.505.0\lib\NET35;packages\EnterpriseLibrary.Caching.Database.5.0.505.0\lib\NET35;packages\EnterpriseLibrary.Logging.Database.5.0.505.0\lib\NET35;packages\EnterpriseLibrary.ExceptionHandling.5.0.505.0\lib\NET35;packages\EnterpriseLibrary.ExceptionHandling.Logging.5.0.505.0\lib\NET35;packages\EnterpriseLibrary.Security.Cryptography.5.0.505.0\lib\NET35;packages\EnterpriseLibrary.Caching.Cryptography.5.0.505.0\lib\NET35
	EndGlobalSection
	GlobalSection(TestCaseManagementSettings) = postSolution
		CategoryFile = AssetManagement2.vsmdi
	EndGlobalSection
	GlobalSection(SubversionScc) = preSolution
		Manager = AnkhSVN - Subversion Support for Visual Studio
		Svn-Managed = True
	EndGlobalSection
EndGlobal
